PODS:
  - BigInt (4.0.0)
  - credenzapassport (1.2.2):
    - NFCReaderWriter
    - QRCodeSwiftScanner
    - Web3 (~> 0.4)
    - Web3/ContractABI
    - Web3/PromiseKit
  - CryptoSwift (1.8.1)
  - NFCReaderWriter (1.1.4)
  - PromiseKit/CorePromise (6.18.1)
  - QRCodeSwiftScanner (0.1.2)
  - secp256k1.swift (0.1.4)
  - Web3 (0.4.2):
    - Web3/Core (= 0.4.2)
    - Web3/HTTPExtension (= 0.4.2)
  - Web3/ContractABI (0.4.2):
    - Web3/Core
  - Web3/Core (0.4.2):
    - BigInt (~> 4.0)
    - CryptoSwift (~> 1.0)
    - secp256k1.swift (~> 0.1)
  - Web3/HTTPExtension (0.4.2):
    - Web3/Core
  - Web3/PromiseKit (0.4.2):
    - PromiseKit/CorePromise (~> 6.0)
    - Web3/Core

DEPENDENCIES:
  - credenzapassport (from `../../passport-pod`)

SPEC REPOS:
  trunk:
    - BigInt
    - CryptoSwift
    - NFCReaderWriter
    - PromiseKit
    - QRCodeSwiftScanner
    - secp256k1.swift
    - Web3

EXTERNAL SOURCES:
  credenzapassport:
    :path: "../../passport-pod"

SPEC CHECKSUMS:
  BigInt: 2aad1a9942dc932ec8b84290d2c564a3d76f97ab
  credenzapassport: 7eaadbb9c32d268dec279d5039682e1b035a69fa
  CryptoSwift: b9c701d6f5011df23794dbf7f2e480a77835d83d
  NFCReaderWriter: b21965d1b3b8c53f7648f58f597b77a13f6ecdc5
  PromiseKit: 49d70c53d5d20e346beaea4b276b5dd2ab446bb4
  QRCodeSwiftScanner: db82a51c3cd794753a310990b97fb739fec6659a
  secp256k1.swift: a7e7a214f6db6ce5db32cc6b2b45e5c4dd633634
  Web3: 7b2c30f98f24cc290bc671ab525d7a30a2afbc73

PODFILE CHECKSUM: bec8518c535c82dcfd6e29f12a742961935d7712

COCOAPODS: 1.13.0
